
Microsoft Visual Studio Solution File, Format Version 12.00
# Visual Studio Version 17
VisualStudioVersion = 17.8.34511.84
MinimumVisualStudioVersion = 10.0.40219.1
Project("{FAE04EC0-301F-11D3-BF4B-00C04F79EFBC}") = "AceleraPlenoProjetoFinal.Api", "AceleraPlenoProjetoFinal.Api\AceleraPlenoProjetoFinal.Api.csproj", "{22E90B5A-7461-4735-B0F4-9A91E4A5897D}"
EndProject
Global
	GlobalSection(SolutionConfigurationPlatforms) = preSolution
		Debug|Any CPU = Debug|Any CPU
		Release|Any CPU = Release|Any CPU
	EndGlobalSection
	GlobalSection(ProjectConfigurationPlatforms) = postSolution
		{22E90B5A-7461-4735-B0F4-9A91E4A5897D}.Debug|Any CPU.ActiveCfg = Debug|Any CPU
		{22E90B5A-7461-4735-B0F4-9A91E4A5897D}.Debug|Any CPU.Build.0 = Debug|Any CPU
		{22E90B5A-7461-4735-B0F4-9A91E4A5897D}.Release|Any CPU.ActiveCfg = Release|Any CPU
		{22E90B5A-7461-4735-B0F4-9A91E4A5897D}.Release|Any CPU.Build.0 = Release|Any CPU
	EndGlobalSection
	GlobalSection(SolutionProperties) = preSolution
		HideSolutionNode = FALSE
	EndGlobalSection
	GlobalSection(ExtensibilityGlobals) = postSolution
		SolutionGuid = {0E928537-E8B5-48D6-AFDC-404A2CA96C4F}
	EndGlobalSection
EndGlobal
